
Microsoft Visual Studio Solution File, Format Version 12.00
# Visual Studio Version 17
VisualStudioVersion = 17.0.31825.309
MinimumVisualStudioVersion = 10.0.40219.1
Project("{9A19103F-16F7-4668-BE54-9A1E7A4F7556}") = "Problem2", "Problem2\Problem2\Problem2\Problem2.csproj", "{9B58376E-F1F5-4EF9-9C60-5A0685798741}"
EndProject
Project("{9A19103F-16F7-4668-BE54-9A1E7A4F7556}") = "Problem18", "Problem18\Problem18\Problem18.csproj", "{0D1C114B-B31C-4119-80CB-AC7891C5ABC7}"
EndProject
Project("{9A19103F-16F7-4668-BE54-9A1E7A4F7556}") = "Problem19", "Problem19\Problem19\Problem19.csproj", "{7522D616-3E8C-48A8-A738-A07880B57FDE}"
EndProject
Project("{9A19103F-16F7-4668-BE54-9A1E7A4F7556}") = "Problem17", "Problem17\ConsoleApp1\Problem17.csproj", "{770955A0-007D-4C2D-AF5A-63EA9A0EBD3A}"
EndProject
Project("{9A19103F-16F7-4668-BE54-9A1E7A4F7556}") = "Problem1", "Problem1\Problem1\Problem1\Problem1.csproj", "{7565B6BB-207C-4C91-912C-D3F909D8C20F}"
EndProject
Project("{2150E333-8FDC-42A3-9474-1A3956D46DE8}") = "Solution Items", "Solution Items", "{D58861D3-43F1-48FA-A217-9AE7D9D62087}"
	ProjectSection(SolutionItems) = preProject
		.gitignore = .gitignore
	EndProjectSection
EndProject
Project("{9A19103F-16F7-4668-BE54-9A1E7A4F7556}") = "Problem20", "Problem20\Problem20.csproj", "{58D5215D-6BA0-4BE2-844E-A799DFAAB666}"
EndProject
Project("{9A19103F-16F7-4668-BE54-9A1E7A4F7556}") = "DataStructures", "DataStructures\DataStructures.csproj", "{4EECA77E-4A7D-4190-8597-DEEFEE3C68F3}"
EndProject
Project("{9A19103F-16F7-4668-BE54-9A1E7A4F7556}") = "DataStructuresTests", "DataStructuresTests\DataStructuresTests.csproj", "{F508E866-B7B0-4F38-A84F-4F61C061D2FB}"
EndProject
Project("{9A19103F-16F7-4668-BE54-9A1E7A4F7556}") = "Startup", "Startup\Startup.csproj", "{4D1CA863-DE4A-4EC5-9D4B-059E3AF5E102}"
EndProject
Project("{9A19103F-16F7-4668-BE54-9A1E7A4F7556}") = "Solutions", "Solutions\Solutions.csproj", "{EB7460CC-FB7D-4630-B888-73BDA137E83E}"
EndProject
Project("{FAE04EC0-301F-11D3-BF4B-00C04F79EFBC}") = "Extentions", "NumericExtensions\Extentions.csproj", "{2ADFDEF1-B4DC-43A8-B576-3B4CA3BBAE37}"
EndProject
Project("{FAE04EC0-301F-11D3-BF4B-00C04F79EFBC}") = "ExtentionsTests", "ExtentionsTests\ExtentionsTests.csproj", "{54A64610-F227-4B35-8722-4515D3D71F8E}"
EndProject
Global
	GlobalSection(SolutionConfigurationPlatforms) = preSolution
		Debug|Any CPU = Debug|Any CPU
		Release|Any CPU = Release|Any CPU
	EndGlobalSection
	GlobalSection(ProjectConfigurationPlatforms) = postSolution
		{9B58376E-F1F5-4EF9-9C60-5A0685798741}.Debug|Any CPU.ActiveCfg = Debug|Any CPU
		{9B58376E-F1F5-4EF9-9C60-5A0685798741}.Debug|Any CPU.Build.0 = Debug|Any CPU
		{9B58376E-F1F5-4EF9-9C60-5A0685798741}.Release|Any CPU.ActiveCfg = Release|Any CPU
		{9B58376E-F1F5-4EF9-9C60-5A0685798741}.Release|Any CPU.Build.0 = Release|Any CPU
		{0D1C114B-B31C-4119-80CB-AC7891C5ABC7}.Debug|Any CPU.ActiveCfg = Debug|Any CPU
		{0D1C114B-B31C-4119-80CB-AC7891C5ABC7}.Debug|Any CPU.Build.0 = Debug|Any CPU
		{0D1C114B-B31C-4119-80CB-AC7891C5ABC7}.Release|Any CPU.ActiveCfg = Release|Any CPU
		{0D1C114B-B31C-4119-80CB-AC7891C5ABC7}.Release|Any CPU.Build.0 = Release|Any CPU
		{7522D616-3E8C-48A8-A738-A07880B57FDE}.Debug|Any CPU.ActiveCfg = Debug|Any CPU
		{7522D616-3E8C-48A8-A738-A07880B57FDE}.Debug|Any CPU.Build.0 = Debug|Any CPU
		{7522D616-3E8C-48A8-A738-A07880B57FDE}.Release|Any CPU.ActiveCfg = Release|Any CPU
		{7522D616-3E8C-48A8-A738-A07880B57FDE}.Release|Any CPU.Build.0 = Release|Any CPU
		{770955A0-007D-4C2D-AF5A-63EA9A0EBD3A}.Debug|Any CPU.ActiveCfg = Debug|Any CPU
		{770955A0-007D-4C2D-AF5A-63EA9A0EBD3A}.Debug|Any CPU.Build.0 = Debug|Any CPU
		{770955A0-007D-4C2D-AF5A-63EA9A0EBD3A}.Release|Any CPU.ActiveCfg = Release|Any CPU
		{770955A0-007D-4C2D-AF5A-63EA9A0EBD3A}.Release|Any CPU.Build.0 = Release|Any CPU
		{7565B6BB-207C-4C91-912C-D3F909D8C20F}.Debug|Any CPU.ActiveCfg = Debug|Any CPU
		{7565B6BB-207C-4C91-912C-D3F909D8C20F}.Debug|Any CPU.Build.0 = Debug|Any CPU
		{7565B6BB-207C-4C91-912C-D3F909D8C20F}.Release|Any CPU.ActiveCfg = Release|Any CPU
		{7565B6BB-207C-4C91-912C-D3F909D8C20F}.Release|Any CPU.Build.0 = Release|Any CPU
		{58D5215D-6BA0-4BE2-844E-A799DFAAB666}.Debug|Any CPU.ActiveCfg = Debug|Any CPU
		{58D5215D-6BA0-4BE2-844E-A799DFAAB666}.Debug|Any CPU.Build.0 = Debug|Any CPU
		{58D5215D-6BA0-4BE2-844E-A799DFAAB666}.Release|Any CPU.ActiveCfg = Release|Any CPU
		{58D5215D-6BA0-4BE2-844E-A799DFAAB666}.Release|Any CPU.Build.0 = Release|Any CPU
		{4EECA77E-4A7D-4190-8597-DEEFEE3C68F3}.Debug|Any CPU.ActiveCfg = Debug|Any CPU
		{4EECA77E-4A7D-4190-8597-DEEFEE3C68F3}.Debug|Any CPU.Build.0 = Debug|Any CPU
		{4EECA77E-4A7D-4190-8597-DEEFEE3C68F3}.Release|Any CPU.ActiveCfg = Release|Any CPU
		{4EECA77E-4A7D-4190-8597-DEEFEE3C68F3}.Release|Any CPU.Build.0 = Release|Any CPU
		{F508E866-B7B0-4F38-A84F-4F61C061D2FB}.Debug|Any CPU.ActiveCfg = Debug|Any CPU
		{F508E866-B7B0-4F38-A84F-4F61C061D2FB}.Debug|Any CPU.Build.0 = Debug|Any CPU
		{F508E866-B7B0-4F38-A84F-4F61C061D2FB}.Release|Any CPU.ActiveCfg = Release|Any CPU
		{F508E866-B7B0-4F38-A84F-4F61C061D2FB}.Release|Any CPU.Build.0 = Release|Any CPU
		{4D1CA863-DE4A-4EC5-9D4B-059E3AF5E102}.Debug|Any CPU.ActiveCfg = Debug|Any CPU
		{4D1CA863-DE4A-4EC5-9D4B-059E3AF5E102}.Debug|Any CPU.Build.0 = Debug|Any CPU
		{4D1CA863-DE4A-4EC5-9D4B-059E3AF5E102}.Release|Any CPU.ActiveCfg = Release|Any CPU
		{4D1CA863-DE4A-4EC5-9D4B-059E3AF5E102}.Release|Any CPU.Build.0 = Release|Any CPU
		{EB7460CC-FB7D-4630-B888-73BDA137E83E}.Debug|Any CPU.ActiveCfg = Debug|Any CPU
		{EB7460CC-FB7D-4630-B888-73BDA137E83E}.Debug|Any CPU.Build.0 = Debug|Any CPU
		{EB7460CC-FB7D-4630-B888-73BDA137E83E}.Release|Any CPU.ActiveCfg = Release|Any CPU
		{EB7460CC-FB7D-4630-B888-73BDA137E83E}.Release|Any CPU.Build.0 = Release|Any CPU
		{2ADFDEF1-B4DC-43A8-B576-3B4CA3BBAE37}.Debug|Any CPU.ActiveCfg = Debug|Any CPU
		{2ADFDEF1-B4DC-43A8-B576-3B4CA3BBAE37}.Debug|Any CPU.Build.0 = Debug|Any CPU
		{2ADFDEF1-B4DC-43A8-B576-3B4CA3BBAE37}.Release|Any CPU.ActiveCfg = Release|Any CPU
		{2ADFDEF1-B4DC-43A8-B576-3B4CA3BBAE37}.Release|Any CPU.Build.0 = Release|Any CPU
		{54A64610-F227-4B35-8722-4515D3D71F8E}.Debug|Any CPU.ActiveCfg = Debug|Any CPU
		{54A64610-F227-4B35-8722-4515D3D71F8E}.Debug|Any CPU.Build.0 = Debug|Any CPU
		{54A64610-F227-4B35-8722-4515D3D71F8E}.Release|Any CPU.ActiveCfg = Release|Any CPU
		{54A64610-F227-4B35-8722-4515D3D71F8E}.Release|Any CPU.Build.0 = Release|Any CPU
	EndGlobalSection
	GlobalSection(SolutionProperties) = preSolution
		HideSolutionNode = FALSE
	EndGlobalSection
	GlobalSection(ExtensibilityGlobals) = postSolution
		SolutionGuid = {13651F00-3CFA-432D-A316-C216347D0408}
	EndGlobalSection
EndGlobal
