
Microsoft Visual Studio Solution File, Format Version 12.00
# Visual Studio Express 14 for Windows Desktop
VisualStudioVersion = 14.0.23107.0
MinimumVisualStudioVersion = 10.0.40219.1
Project("{FAE04EC0-301F-11D3-BF4B-00C04F79EFBC}") = "Problem1", "Problem1\Problem1.csproj", "{DEF84437-4A18-421C-A29F-A0E32D216508}"
EndProject
Global
	GlobalSection(SolutionConfigurationPlatforms) = preSolution
		Debug|Any CPU = Debug|Any CPU
		Release|Any CPU = Release|Any CPU
	EndGlobalSection
	GlobalSection(ProjectConfigurationPlatforms) = postSolution
		{DEF84437-4A18-421C-A29F-A0E32D216508}.Debug|Any CPU.ActiveCfg = Debug|Any CPU
		{DEF84437-4A18-421C-A29F-A0E32D216508}.Debug|Any CPU.Build.0 = Debug|Any CPU
		{DEF84437-4A18-421C-A29F-A0E32D216508}.Release|Any CPU.ActiveCfg = Release|Any CPU
		{DEF84437-4A18-421C-A29F-A0E32D216508}.Release|Any CPU.Build.0 = Release|Any CPU
	EndGlobalSection
	GlobalSection(SolutionProperties) = preSolution
		HideSolutionNode = FALSE
	EndGlobalSection
EndGlobal
